
Microsoft Visual Studio Solution File, Format Version 12.00
# Visual Studio 2015
Project("{FAE04EC0-301F-11D3-BF4B-00C04F79EFBC}") = "Project Bs v0.6.5 - Videos", "Project Bs v0.6.5 - Videos.csproj", "{45D3E619-D10B-DC9F-8102-27D667BD02BE}"
EndProject
Global
	GlobalSection(SolutionConfigurationPlatforms) = preSolution
		Debug|Any CPU = Debug|Any CPU
		Release|Any CPU = Release|Any CPU
	EndGlobalSection
	GlobalSection(ProjectConfigurationPlatforms) = postSolution
		{45D3E619-D10B-DC9F-8102-27D667BD02BE}.Debug|Any CPU.ActiveCfg = Debug|Any CPU
		{45D3E619-D10B-DC9F-8102-27D667BD02BE}.Debug|Any CPU.Build.0 = Debug|Any CPU
		{45D3E619-D10B-DC9F-8102-27D667BD02BE}.Release|Any CPU.ActiveCfg = Release|Any CPU
		{45D3E619-D10B-DC9F-8102-27D667BD02BE}.Release|Any CPU.Build.0 = Release|Any CPU
	EndGlobalSection
	GlobalSection(SolutionProperties) = preSolution
		HideSolutionNode = FALSE
	EndGlobalSection
EndGlobal
