
Microsoft Visual Studio Solution File, Format Version 12.00
# Visual Studio 2015
Project("{FAE04EC0-301F-11D3-BF4B-00C04F79EFBC}") = "Project Bs v0.6.0 - tips and tricks", "Project Bs v0.6.0 - tips and tricks.csproj", "{FB8E20A3-D393-7D85-8DD7-4895CF3A8798}"
EndProject
Global
	GlobalSection(SolutionConfigurationPlatforms) = preSolution
		Debug|Any CPU = Debug|Any CPU
		Release|Any CPU = Release|Any CPU
	EndGlobalSection
	GlobalSection(ProjectConfigurationPlatforms) = postSolution
		{FB8E20A3-D393-7D85-8DD7-4895CF3A8798}.Debug|Any CPU.ActiveCfg = Debug|Any CPU
		{FB8E20A3-D393-7D85-8DD7-4895CF3A8798}.Debug|Any CPU.Build.0 = Debug|Any CPU
		{FB8E20A3-D393-7D85-8DD7-4895CF3A8798}.Release|Any CPU.ActiveCfg = Release|Any CPU
		{FB8E20A3-D393-7D85-8DD7-4895CF3A8798}.Release|Any CPU.Build.0 = Release|Any CPU
	EndGlobalSection
	GlobalSection(SolutionProperties) = preSolution
		HideSolutionNode = FALSE
	EndGlobalSection
EndGlobal
