
Microsoft Visual Studio Solution File, Format Version 12.00
# Visual Studio 2015
Project("{FAE04EC0-301F-11D3-BF4B-00C04F79EFBC}") = "Project Bs v0.5.1 - Camera movement", "Project Bs v0.5.1 - Camera movement.csproj", "{6D6AB66C-D56C-F76C-21E7-52F79EBB2B29}"
EndProject
Global
	GlobalSection(SolutionConfigurationPlatforms) = preSolution
		Debug|Any CPU = Debug|Any CPU
		Release|Any CPU = Release|Any CPU
	EndGlobalSection
	GlobalSection(ProjectConfigurationPlatforms) = postSolution
		{6D6AB66C-D56C-F76C-21E7-52F79EBB2B29}.Debug|Any CPU.ActiveCfg = Debug|Any CPU
		{6D6AB66C-D56C-F76C-21E7-52F79EBB2B29}.Debug|Any CPU.Build.0 = Debug|Any CPU
		{6D6AB66C-D56C-F76C-21E7-52F79EBB2B29}.Release|Any CPU.ActiveCfg = Release|Any CPU
		{6D6AB66C-D56C-F76C-21E7-52F79EBB2B29}.Release|Any CPU.Build.0 = Release|Any CPU
	EndGlobalSection
	GlobalSection(SolutionProperties) = preSolution
		HideSolutionNode = FALSE
	EndGlobalSection
EndGlobal
